// !$*UTF8*$!
{
	archiveVersion = 1;
	classes = {
	};
	objectVersion = 42;
	objects = {

/* Begin PBXBuildFile section */
		8D202CEA0486D31800D8A456 /* OSIHotKeys_Prefix.pch in Headers */ = {isa = PBXBuildFile; fileRef = 32DBCFA20370C41700C91783 /* OSIHotKeys_Prefix.pch */; };
		8D202CEB0486D31800D8A456 /* OSIHotKeysPref.h in Headers */ = {isa = PBXBuildFile; fileRef = F506C03C013D9D7901CA16C8 /* OSIHotKeysPref.h */; };
		8D202CED0486D31800D8A456 /* InfoPlist.strings in Resources */ = {isa = PBXBuildFile; fileRef = 089C167DFE841241C02AAC07 /* InfoPlist.strings */; };
		8D202CEE0486D31800D8A456 /* OSIHotKeysPref.tiff in Resources */ = {isa = PBXBuildFile; fileRef = F506C040013D9D8001CA16C8 /* OSIHotKeysPref.tiff */; };
		8D202CF10486D31800D8A456 /* OSIHotKeysPref.m in Sources */ = {isa = PBXBuildFile; fileRef = F506C03D013D9D7901CA16C8 /* OSIHotKeysPref.m */; };
		8D202CF30486D31800D8A456 /* Cocoa.framework in Frameworks */ = {isa = PBXBuildFile; fileRef = 1058C7ADFEA557BF11CA2CBB /* Cocoa.framework */; };
		8D202CF40486D31800D8A456 /* PreferencePanes.framework in Frameworks */ = {isa = PBXBuildFile; fileRef = F506C035013D953901CA16C8 /* PreferencePanes.framework */; };
		A98380060D536DE2000B0DE3 /* HotKeyArrayController.m in Sources */ = {isa = PBXBuildFile; fileRef = A98380040D536DE2000B0DE3 /* HotKeyArrayController.m */; };
		ABAEDBA10D5711BD00CA870F /* HotKeyTableView.h in Headers */ = {isa = PBXBuildFile; fileRef = ABAEDB9F0D5711BD00CA870F /* HotKeyTableView.h */; };
		ABAEDBA20D5711BD00CA870F /* HotKeyTableView.m in Sources */ = {isa = PBXBuildFile; fileRef = ABAEDBA00D5711BD00CA870F /* HotKeyTableView.m */; };
		BF2EEC9D0B1F8B5C007E9088 /* HotKeyFormatter.h in Headers */ = {isa = PBXBuildFile; fileRef = BF2EEC9B0B1F8B5C007E9088 /* HotKeyFormatter.h */; };
		BF2EEC9E0B1F8B5C007E9088 /* HotKeyFormatter.m in Sources */ = {isa = PBXBuildFile; fileRef = BF2EEC9C0B1F8B5C007E9088 /* HotKeyFormatter.m */; };
		BF2EECA70B1F8DDE007E9088 /* HotKeyTextFieldCell.h in Headers */ = {isa = PBXBuildFile; fileRef = BF2EECA50B1F8DDE007E9088 /* HotKeyTextFieldCell.h */; };
		BF2EECA80B1F8DDE007E9088 /* HotKeyTextFieldCell.m in Sources */ = {isa = PBXBuildFile; fileRef = BF2EECA60B1F8DDE007E9088 /* HotKeyTextFieldCell.m */; };
		BF92A1CD0B1D4433001DB893 /* Security.framework in Frameworks */ = {isa = PBXBuildFile; fileRef = BF92A1CC0B1D4433001DB893 /* Security.framework */; };
		CE24147C0CD2A05C009D0877 /* Localizable.strings in Resources */ = {isa = PBXBuildFile; fileRef = CE24147A0CD2A05C009D0877 /* Localizable.strings */; };
		CE5C6D020CAD9B2900597FEF /* OSIHotKeysPref.xib in Resources */ = {isa = PBXBuildFile; fileRef = CE5C6D000CAD9B2900597FEF /* OSIHotKeysPref.xib */; };
		CEB157C70D545D7D00941790 /* HotKeyArrayController.h in Headers */ = {isa = PBXBuildFile; fileRef = CEB157C50D545D7D00941790 /* HotKeyArrayController.h */; };
/* End PBXBuildFile section */

/* Begin PBXFileReference section */
		089C1672FE841209C02AAC07 /* Foundation.framework */ = {isa = PBXFileReference; lastKnownFileType = wrapper.framework; name = Foundation.framework; path = /System/Library/Frameworks/Foundation.framework; sourceTree = "<absolute>"; };
		089C167EFE841241C02AAC07 /* English */ = {isa = PBXFileReference; fileEncoding = 10; lastKnownFileType = text.plist.strings; name = English; path = English.lproj/InfoPlist.strings; sourceTree = "<group>"; };
		089C167FFE841241C02AAC07 /* AppKit.framework */ = {isa = PBXFileReference; lastKnownFileType = wrapper.framework; name = AppKit.framework; path = /System/Library/Frameworks/AppKit.framework; sourceTree = "<absolute>"; };
		1058C7ADFEA557BF11CA2CBB /* Cocoa.framework */ = {isa = PBXFileReference; lastKnownFileType = wrapper.framework; name = Cocoa.framework; path = /System/Library/Frameworks/Cocoa.framework; sourceTree = "<absolute>"; };
		32DBCFA20370C41700C91783 /* OSIHotKeys_Prefix.pch */ = {isa = PBXFileReference; fileEncoding = 4; lastKnownFileType = sourcecode.c.h; path = OSIHotKeys_Prefix.pch; sourceTree = "<group>"; };
		8D202CF70486D31800D8A456 /* Info.plist */ = {isa = PBXFileReference; fileEncoding = 4; lastKnownFileType = text.plist; path = Info.plist; sourceTree = "<group>"; };
		8D202CF80486D31800D8A456 /* OSIHotKeys.prefPane */ = {isa = PBXFileReference; explicitFileType = wrapper.cfbundle; includeInIndex = 0; path = OSIHotKeys.prefPane; sourceTree = BUILT_PRODUCTS_DIR; };
		A98380040D536DE2000B0DE3 /* HotKeyArrayController.m */ = {isa = PBXFileReference; fileEncoding = 4; lastKnownFileType = sourcecode.c.objc; path = HotKeyArrayController.m; sourceTree = "<group>"; };
		ABAEDB9F0D5711BD00CA870F /* HotKeyTableView.h */ = {isa = PBXFileReference; fileEncoding = 4; lastKnownFileType = sourcecode.c.h; path = HotKeyTableView.h; sourceTree = "<group>"; };
		ABAEDBA00D5711BD00CA870F /* HotKeyTableView.m */ = {isa = PBXFileReference; fileEncoding = 4; lastKnownFileType = sourcecode.c.objc; path = HotKeyTableView.m; sourceTree = "<group>"; };
		BF2EEC9B0B1F8B5C007E9088 /* HotKeyFormatter.h */ = {isa = PBXFileReference; fileEncoding = 4; lastKnownFileType = sourcecode.c.h; path = HotKeyFormatter.h; sourceTree = "<group>"; };
		BF2EEC9C0B1F8B5C007E9088 /* HotKeyFormatter.m */ = {isa = PBXFileReference; fileEncoding = 4; lastKnownFileType = sourcecode.c.objc; path = HotKeyFormatter.m; sourceTree = "<group>"; };
		BF2EECA50B1F8DDE007E9088 /* HotKeyTextFieldCell.h */ = {isa = PBXFileReference; fileEncoding = 4; lastKnownFileType = sourcecode.c.h; path = HotKeyTextFieldCell.h; sourceTree = "<group>"; };
		BF2EECA60B1F8DDE007E9088 /* HotKeyTextFieldCell.m */ = {isa = PBXFileReference; fileEncoding = 4; lastKnownFileType = sourcecode.c.objc; path = HotKeyTextFieldCell.m; sourceTree = "<group>"; };
		BF92A1CC0B1D4433001DB893 /* Security.framework */ = {isa = PBXFileReference; lastKnownFileType = wrapper.framework; name = Security.framework; path = /Developer/SDKs/MacOSX10.4u.sdk/System/Library/Frameworks/Security.framework; sourceTree = "<absolute>"; };
		CE24147B0CD2A05C009D0877 /* English */ = {isa = PBXFileReference; fileEncoding = 4; lastKnownFileType = text.plist.strings; name = English; path = English.lproj/Localizable.strings; sourceTree = "<group>"; };
		CE5C6D010CAD9B2900597FEF /* English */ = {isa = PBXFileReference; lastKnownFileType = file.xib; name = English; path = English.lproj/OSIHotKeysPref.xib; sourceTree = "<group>"; };
		CEB157C50D545D7D00941790 /* HotKeyArrayController.h */ = {isa = PBXFileReference; fileEncoding = 4; lastKnownFileType = sourcecode.c.h; path = HotKeyArrayController.h; sourceTree = "<group>"; };
		F506C035013D953901CA16C8 /* PreferencePanes.framework */ = {isa = PBXFileReference; lastKnownFileType = wrapper.framework; name = PreferencePanes.framework; path = /System/Library/Frameworks/PreferencePanes.framework; sourceTree = "<absolute>"; };
		F506C03C013D9D7901CA16C8 /* OSIHotKeysPref.h */ = {isa = PBXFileReference; fileEncoding = 4; lastKnownFileType = sourcecode.c.h; path = OSIHotKeysPref.h; sourceTree = "<group>"; };
		F506C03D013D9D7901CA16C8 /* OSIHotKeysPref.m */ = {isa = PBXFileReference; fileEncoding = 4; lastKnownFileType = sourcecode.c.objc; path = OSIHotKeysPref.m; sourceTree = "<group>"; };
		F506C040013D9D8001CA16C8 /* OSIHotKeysPref.tiff */ = {isa = PBXFileReference; lastKnownFileType = image.tiff; path = OSIHotKeysPref.tiff; sourceTree = "<group>"; };
/* End PBXFileReference section */

/* Begin PBXFrameworksBuildPhase section */
		8D202CF20486D31800D8A456 /* Frameworks */ = {
			isa = PBXFrameworksBuildPhase;
			buildActionMask = 2147483647;
			files = (
				8D202CF30486D31800D8A456 /* Cocoa.framework in Frameworks */,
				8D202CF40486D31800D8A456 /* PreferencePanes.framework in Frameworks */,
				BF92A1CD0B1D4433001DB893 /* Security.framework in Frameworks */,
			);
			runOnlyForDeploymentPostprocessing = 0;
		};
/* End PBXFrameworksBuildPhase section */

/* Begin PBXGroup section */
		089C166AFE841209C02AAC07 /* OSIHotKeys */ = {
			isa = PBXGroup;
			children = (
				08FB77AFFE84173DC02AAC07 /* Classes */,
				32DBCFA10370C40200C91783 /* Other Sources */,
				089C167CFE841241C02AAC07 /* Resources */,
				089C1671FE841209C02AAC07 /* Frameworks and Libraries */,
				19C28FB8FE9D52D311CA2CBB /* Products */,
			);
			name = OSIHotKeys;
			sourceTree = "<group>";
		};
		089C1671FE841209C02AAC07 /* Frameworks and Libraries */ = {
			isa = PBXGroup;
			children = (
				BF92A1CC0B1D4433001DB893 /* Security.framework */,
				1058C7ACFEA557BF11CA2CBB /* Linked Frameworks */,
				1058C7AEFEA557BF11CA2CBB /* Other Frameworks */,
			);
			name = "Frameworks and Libraries";
			sourceTree = "<group>";
		};
		089C167CFE841241C02AAC07 /* Resources */ = {
			isa = PBXGroup;
			children = (
				8D202CF70486D31800D8A456 /* Info.plist */,
				CE24147A0CD2A05C009D0877 /* Localizable.strings */,
				089C167DFE841241C02AAC07 /* InfoPlist.strings */,
				F506C040013D9D8001CA16C8 /* OSIHotKeysPref.tiff */,
				CE5C6D000CAD9B2900597FEF /* OSIHotKeysPref.xib */,
			);
			name = Resources;
			sourceTree = "<group>";
		};
		08FB77AFFE84173DC02AAC07 /* Classes */ = {
			isa = PBXGroup;
			children = (
				F506C03C013D9D7901CA16C8 /* OSIHotKeysPref.h */,
				F506C03D013D9D7901CA16C8 /* OSIHotKeysPref.m */,
				BF2EECA50B1F8DDE007E9088 /* HotKeyTextFieldCell.h */,
				BF2EECA60B1F8DDE007E9088 /* HotKeyTextFieldCell.m */,
				BF2EEC9B0B1F8B5C007E9088 /* HotKeyFormatter.h */,
				BF2EEC9C0B1F8B5C007E9088 /* HotKeyFormatter.m */,
				CEB157C50D545D7D00941790 /* HotKeyArrayController.h */,
				A98380040D536DE2000B0DE3 /* HotKeyArrayController.m */,
				ABAEDB9F0D5711BD00CA870F /* HotKeyTableView.h */,
				ABAEDBA00D5711BD00CA870F /* HotKeyTableView.m */,
			);
			name = Classes;
			sourceTree = "<group>";
		};
		1058C7ACFEA557BF11CA2CBB /* Linked Frameworks */ = {
			isa = PBXGroup;
			children = (
				1058C7ADFEA557BF11CA2CBB /* Cocoa.framework */,
				F506C035013D953901CA16C8 /* PreferencePanes.framework */,
			);
			name = "Linked Frameworks";
			sourceTree = "<group>";
		};
		1058C7AEFEA557BF11CA2CBB /* Other Frameworks */ = {
			isa = PBXGroup;
			children = (
				089C1672FE841209C02AAC07 /* Foundation.framework */,
				089C167FFE841241C02AAC07 /* AppKit.framework */,
			);
			name = "Other Frameworks";
			sourceTree = "<group>";
		};
		19C28FB8FE9D52D311CA2CBB /* Products */ = {
			isa = PBXGroup;
			children = (
				8D202CF80486D31800D8A456 /* OSIHotKeys.prefPane */,
			);
			name = Products;
			sourceTree = "<group>";
		};
		32DBCFA10370C40200C91783 /* Other Sources */ = {
			isa = PBXGroup;
			children = (
				32DBCFA20370C41700C91783 /* OSIHotKeys_Prefix.pch */,
			);
			name = "Other Sources";
			sourceTree = "<group>";
		};
/* End PBXGroup section */

/* Begin PBXHeadersBuildPhase section */
		8D202CE90486D31800D8A456 /* Headers */ = {
			isa = PBXHeadersBuildPhase;
			buildActionMask = 2147483647;
			files = (
				8D202CEA0486D31800D8A456 /* OSIHotKeys_Prefix.pch in Headers */,
				8D202CEB0486D31800D8A456 /* OSIHotKeysPref.h in Headers */,
				BF2EEC9D0B1F8B5C007E9088 /* HotKeyFormatter.h in Headers */,
				BF2EECA70B1F8DDE007E9088 /* HotKeyTextFieldCell.h in Headers */,
				CEB157C70D545D7D00941790 /* HotKeyArrayController.h in Headers */,
				ABAEDBA10D5711BD00CA870F /* HotKeyTableView.h in Headers */,
			);
			runOnlyForDeploymentPostprocessing = 0;
		};
/* End PBXHeadersBuildPhase section */

/* Begin PBXNativeTarget section */
		8D202CE80486D31800D8A456 /* OSIHotKeys */ = {
			isa = PBXNativeTarget;
			buildConfigurationList = 1DBD214808BA80EA00186707 /* Build configuration list for PBXNativeTarget "OSIHotKeys" */;
			buildPhases = (
				8D202CE90486D31800D8A456 /* Headers */,
				8D202CEC0486D31800D8A456 /* Resources */,
				8D202CF00486D31800D8A456 /* Sources */,
				8D202CF20486D31800D8A456 /* Frameworks */,
				8D202CF50486D31800D8A456 /* Rez */,
			);
			buildRules = (
			);
			dependencies = (
			);
			name = OSIHotKeys;
			productInstallPath = "$(HOME)/Library/PreferencePanes";
			productName = OSIHotKeys;
			productReference = 8D202CF80486D31800D8A456 /* OSIHotKeys.prefPane */;
			productType = "com.apple.product-type.bundle";
		};
/* End PBXNativeTarget section */

/* Begin PBXProject section */
		089C1669FE841209C02AAC07 /* Project object */ = {
			isa = PBXProject;
			buildConfigurationList = 1DBD214C08BA80EA00186707 /* Build configuration list for PBXProject "OSIHotKeysPreferencePane" */;
			compatibilityVersion = "Xcode 2.4";
			hasScannedForEncodings = 1;
			mainGroup = 089C166AFE841209C02AAC07 /* OSIHotKeys */;
			projectDirPath = "";
			projectRoot = "";
			targets = (
				8D202CE80486D31800D8A456 /* OSIHotKeys */,
			);
		};
/* End PBXProject section */

/* Begin PBXResourcesBuildPhase section */
		8D202CEC0486D31800D8A456 /* Resources */ = {
			isa = PBXResourcesBuildPhase;
			buildActionMask = 2147483647;
			files = (
				8D202CED0486D31800D8A456 /* InfoPlist.strings in Resources */,
				8D202CEE0486D31800D8A456 /* OSIHotKeysPref.tiff in Resources */,
				CE5C6D020CAD9B2900597FEF /* OSIHotKeysPref.xib in Resources */,
				CE24147C0CD2A05C009D0877 /* Localizable.strings in Resources */,
			);
			runOnlyForDeploymentPostprocessing = 0;
		};
/* End PBXResourcesBuildPhase section */

/* Begin PBXRezBuildPhase section */
		8D202CF50486D31800D8A456 /* Rez */ = {
			isa = PBXRezBuildPhase;
			buildActionMask = 2147483647;
			files = (
			);
			runOnlyForDeploymentPostprocessing = 0;
		};
/* End PBXRezBuildPhase section */

/* Begin PBXSourcesBuildPhase section */
		8D202CF00486D31800D8A456 /* Sources */ = {
			isa = PBXSourcesBuildPhase;
			buildActionMask = 2147483647;
			files = (
				8D202CF10486D31800D8A456 /* OSIHotKeysPref.m in Sources */,
				BF2EEC9E0B1F8B5C007E9088 /* HotKeyFormatter.m in Sources */,
				BF2EECA80B1F8DDE007E9088 /* HotKeyTextFieldCell.m in Sources */,
				A98380060D536DE2000B0DE3 /* HotKeyArrayController.m in Sources */,
				ABAEDBA20D5711BD00CA870F /* HotKeyTableView.m in Sources */,
			);
			runOnlyForDeploymentPostprocessing = 0;
		};
/* End PBXSourcesBuildPhase section */

/* Begin PBXVariantGroup section */
		089C167DFE841241C02AAC07 /* InfoPlist.strings */ = {
			isa = PBXVariantGroup;
			children = (
				089C167EFE841241C02AAC07 /* English */,
			);
			name = InfoPlist.strings;
			sourceTree = "<group>";
		};
		CE24147A0CD2A05C009D0877 /* Localizable.strings */ = {
			isa = PBXVariantGroup;
			children = (
				CE24147B0CD2A05C009D0877 /* English */,
			);
			name = Localizable.strings;
			sourceTree = "<group>";
		};
		CE5C6D000CAD9B2900597FEF /* OSIHotKeysPref.xib */ = {
			isa = PBXVariantGroup;
			children = (
				CE5C6D010CAD9B2900597FEF /* English */,
			);
			name = OSIHotKeysPref.xib;
			sourceTree = "<group>";
		};
/* End PBXVariantGroup section */

/* Begin XCBuildConfiguration section */
		1DBD214A08BA80EA00186707 /* Release */ = {
			isa = XCBuildConfiguration;
			buildSettings = {
				FRAMEWORK_SEARCH_PATHS = (
					"$(inherited)",
					"$(FRAMEWORK_SEARCH_PATHS_QUOTED_1)",
				);
				GCC_GENERATE_DEBUGGING_SYMBOLS = NO;
				GCC_MODEL_TUNING = G5;
				GCC_PRECOMPILE_PREFIX_HEADER = YES;
				GCC_PREFIX_HEADER = OSIHotKeys_Prefix.pch;
				IBC_FLATTEN_NIBS = NO;
				INFOPLIST_FILE = Info.plist;
				INSTALL_PATH = "$(HOME)/Library/PreferencePanes";
				PRODUCT_NAME = OSIHotKeys;
				WRAPPER_EXTENSION = prefPane;
			};
			name = Release;
		};
		1DBD214E08BA80EA00186707 /* Release */ = {
			isa = XCBuildConfiguration;
			buildSettings = {
				ARCHS = (
					ppc64,
					ppc,
					i386,
					x86_64,
				);
				GCC_C_LANGUAGE_STANDARD = gnu99;
				GCC_WARN_ABOUT_RETURN_TYPE = YES;
				GCC_WARN_UNUSED_VARIABLE = YES;
				PREBINDING = NO;
				SDKROOT = /Developer/SDKs/MacOSX10.5.sdk;
			};
			name = Release;
		};
/* End XCBuildConfiguration section */

/* Begin XCConfigurationList section */
		1DBD214808BA80EA00186707 /* Build configuration list for PBXNativeTarget "OSIHotKeys" */ = {
			isa = XCConfigurationList;
			buildConfigurations = (
				1DBD214A08BA80EA00186707 /* Release */,
			);
			defaultConfigurationIsVisible = 0;
			defaultConfigurationName = Release;
		};
		1DBD214C08BA80EA00186707 /* Build configuration list for PBXProject "OSIHotKeysPreferencePane" */ = {
			isa = XCConfigurationList;
			buildConfigurations = (
				1DBD214E08BA80EA00186707 /* Release */,
			);
			defaultConfigurationIsVisible = 0;
			defaultConfigurationName = Release;
		};
/* End XCConfigurationList section */
	};
	rootObject = 089C1669FE841209C02AAC07 /* Project object */;
}
